
Microsoft Visual Studio Solution File, Format Version 12.00
# Visual Studio Version 17
VisualStudioVersion = 17.9.34728.123
MinimumVisualStudioVersion = 10.0.40219.1
Project("{9A19103F-16F7-4668-BE54-9A1E7A4F7556}") = "ConsoleApp", "ConsoleApp\ConsoleApp.csproj", "{B57ABC6B-2846-475A-A260-E9F534B52A48}"
EndProject
Project("{FAE04EC0-301F-11D3-BF4B-00C04F79EFBC}") = "ToDoList", "ToDoList\ToDoList.csproj", "{E83BFB71-2C66-4BBB-BBB1-EA8FB0B2095B}"
EndProject
Project("{FAE04EC0-301F-11D3-BF4B-00C04F79EFBC}") = "Models", "Models\Models.csproj", "{1179023F-6BEF-4C41-8EF5-B5026D158696}"
EndProject
Project("{FAE04EC0-301F-11D3-BF4B-00C04F79EFBC}") = "Services", "Services\Services.csproj", "{BB596BD5-9452-4298-8CBD-7A47A07414FF}"
EndProject
Project("{FAE04EC0-301F-11D3-BF4B-00C04F79EFBC}") = "Inheritance", "Inheritance\Inheritance.csproj", "{B0E8C734-CBA8-411C-816E-3FD1C878FECD}"
EndProject
Global
	GlobalSection(SolutionConfigurationPlatforms) = preSolution
		Debug|Any CPU = Debug|Any CPU
		Release|Any CPU = Release|Any CPU
	EndGlobalSection
	GlobalSection(ProjectConfigurationPlatforms) = postSolution
		{B57ABC6B-2846-475A-A260-E9F534B52A48}.Debug|Any CPU.ActiveCfg = Debug|Any CPU
		{B57ABC6B-2846-475A-A260-E9F534B52A48}.Debug|Any CPU.Build.0 = Debug|Any CPU
		{B57ABC6B-2846-475A-A260-E9F534B52A48}.Release|Any CPU.ActiveCfg = Release|Any CPU
		{B57ABC6B-2846-475A-A260-E9F534B52A48}.Release|Any CPU.Build.0 = Release|Any CPU
		{E83BFB71-2C66-4BBB-BBB1-EA8FB0B2095B}.Debug|Any CPU.ActiveCfg = Debug|Any CPU
		{E83BFB71-2C66-4BBB-BBB1-EA8FB0B2095B}.Debug|Any CPU.Build.0 = Debug|Any CPU
		{E83BFB71-2C66-4BBB-BBB1-EA8FB0B2095B}.Release|Any CPU.ActiveCfg = Release|Any CPU
		{E83BFB71-2C66-4BBB-BBB1-EA8FB0B2095B}.Release|Any CPU.Build.0 = Release|Any CPU
		{1179023F-6BEF-4C41-8EF5-B5026D158696}.Debug|Any CPU.ActiveCfg = Debug|Any CPU
		{1179023F-6BEF-4C41-8EF5-B5026D158696}.Debug|Any CPU.Build.0 = Debug|Any CPU
		{1179023F-6BEF-4C41-8EF5-B5026D158696}.Release|Any CPU.ActiveCfg = Release|Any CPU
		{1179023F-6BEF-4C41-8EF5-B5026D158696}.Release|Any CPU.Build.0 = Release|Any CPU
		{BB596BD5-9452-4298-8CBD-7A47A07414FF}.Debug|Any CPU.ActiveCfg = Debug|Any CPU
		{BB596BD5-9452-4298-8CBD-7A47A07414FF}.Debug|Any CPU.Build.0 = Debug|Any CPU
		{BB596BD5-9452-4298-8CBD-7A47A07414FF}.Release|Any CPU.ActiveCfg = Release|Any CPU
		{BB596BD5-9452-4298-8CBD-7A47A07414FF}.Release|Any CPU.Build.0 = Release|Any CPU
		{B0E8C734-CBA8-411C-816E-3FD1C878FECD}.Debug|Any CPU.ActiveCfg = Debug|Any CPU
		{B0E8C734-CBA8-411C-816E-3FD1C878FECD}.Debug|Any CPU.Build.0 = Debug|Any CPU
		{B0E8C734-CBA8-411C-816E-3FD1C878FECD}.Release|Any CPU.ActiveCfg = Release|Any CPU
		{B0E8C734-CBA8-411C-816E-3FD1C878FECD}.Release|Any CPU.Build.0 = Release|Any CPU
	EndGlobalSection
	GlobalSection(SolutionProperties) = preSolution
		HideSolutionNode = FALSE
	EndGlobalSection
	GlobalSection(ExtensibilityGlobals) = postSolution
		SolutionGuid = {85AF66AD-700A-4EAB-8198-F96946902D6E}
	EndGlobalSection
EndGlobal
